
Microsoft Visual Studio Solution File, Format Version 12.00
# Visual Studio Version 17
VisualStudioVersion = 17.2.32519.379
MinimumVisualStudioVersion = 10.0.40219.1
Project("{9A19103F-16F7-4668-BE54-9A1E7A4F7556}") = "Questao1", "Questao1\Questao1.csproj", "{24C20B4F-3D90-45C4-84F6-49CBB46DDDB4}"
EndProject
Project("{9A19103F-16F7-4668-BE54-9A1E7A4F7556}") = "Questao2", "Questao2\Questao2.csproj", "{6FDF016F-9506-422A-B4CA-E9A401FDDC34}"
EndProject
Project("{2150E333-8FDC-42A3-9474-1A3956D46DE8}") = "Questao3", "Questao3", "{2BB7EE80-1BF0-49A3-BDB2-2E9D04439829}"
	ProjectSection(SolutionItems) = preProject
		Questao3\Questões 3.docx = Questao3\Questões 3.docx
	EndProjectSection
EndProject
Project("{2150E333-8FDC-42A3-9474-1A3956D46DE8}") = "Questao4", "Questao4", "{D7C9B50D-678B-438F-8CCF-258F745DB194}"
	ProjectSection(SolutionItems) = preProject
		Questao4\Questão 4.docx = Questao4\Questão 4.docx
	EndProjectSection
EndProject
Project("{2150E333-8FDC-42A3-9474-1A3956D46DE8}") = "Questao5", "Questao5", "{BB4B3495-39BE-47A8-B4B4-D9226376E8FE}"
EndProject
Project("{9A19103F-16F7-4668-BE54-9A1E7A4F7556}") = "Questao5.API", "Questao5\Questao5.API\Questao5.API.csproj", "{F847FEE5-8CDA-43C8-AD28-230CB316AF3D}"
EndProject
Project("{9A19103F-16F7-4668-BE54-9A1E7A4F7556}") = "Questao5.Application", "Questao5\Questao5.Application\Questao5.Application.csproj", "{61A5394D-422D-41D4-AF89-DD15F4D9B06A}"
EndProject
Project("{9A19103F-16F7-4668-BE54-9A1E7A4F7556}") = "Questao5.CrossCutting", "Questao5\Questao5.CrossCutting\Questao5.CrossCutting.csproj", "{E44F9377-DC7E-4861-A3D1-51D512B25124}"
EndProject
Project("{9A19103F-16F7-4668-BE54-9A1E7A4F7556}") = "Questao5.Domain", "Questao5\Questao5.Domain\Questao5.Domain.csproj", "{7CCACCD6-4F90-4772-86A8-BC11BB209E80}"
EndProject
Project("{9A19103F-16F7-4668-BE54-9A1E7A4F7556}") = "Questao5.Infrastructure", "Questao5\Questao5.Infrastructure\Questao5.Infrastructure.csproj", "{3F00B30D-B0D7-4BE0-AF6D-9ACFD3845ABF}"
EndProject
Project("{FAE04EC0-301F-11D3-BF4B-00C04F79EFBC}") = "Questao5.Teste", "Questao5.Teste\Questao5.Teste.csproj", "{2F14521D-4C29-4E8A-A9F1-B5133968F6CE}"
EndProject
Global
	GlobalSection(SolutionConfigurationPlatforms) = preSolution
		Debug|Any CPU = Debug|Any CPU
		Release|Any CPU = Release|Any CPU
	EndGlobalSection
	GlobalSection(ProjectConfigurationPlatforms) = postSolution
		{24C20B4F-3D90-45C4-84F6-49CBB46DDDB4}.Debug|Any CPU.ActiveCfg = Debug|Any CPU
		{24C20B4F-3D90-45C4-84F6-49CBB46DDDB4}.Debug|Any CPU.Build.0 = Debug|Any CPU
		{24C20B4F-3D90-45C4-84F6-49CBB46DDDB4}.Release|Any CPU.ActiveCfg = Release|Any CPU
		{24C20B4F-3D90-45C4-84F6-49CBB46DDDB4}.Release|Any CPU.Build.0 = Release|Any CPU
		{6FDF016F-9506-422A-B4CA-E9A401FDDC34}.Debug|Any CPU.ActiveCfg = Debug|Any CPU
		{6FDF016F-9506-422A-B4CA-E9A401FDDC34}.Debug|Any CPU.Build.0 = Debug|Any CPU
		{6FDF016F-9506-422A-B4CA-E9A401FDDC34}.Release|Any CPU.ActiveCfg = Release|Any CPU
		{6FDF016F-9506-422A-B4CA-E9A401FDDC34}.Release|Any CPU.Build.0 = Release|Any CPU
		{F847FEE5-8CDA-43C8-AD28-230CB316AF3D}.Debug|Any CPU.ActiveCfg = Debug|Any CPU
		{F847FEE5-8CDA-43C8-AD28-230CB316AF3D}.Debug|Any CPU.Build.0 = Debug|Any CPU
		{F847FEE5-8CDA-43C8-AD28-230CB316AF3D}.Release|Any CPU.ActiveCfg = Release|Any CPU
		{F847FEE5-8CDA-43C8-AD28-230CB316AF3D}.Release|Any CPU.Build.0 = Release|Any CPU
		{61A5394D-422D-41D4-AF89-DD15F4D9B06A}.Debug|Any CPU.ActiveCfg = Debug|Any CPU
		{61A5394D-422D-41D4-AF89-DD15F4D9B06A}.Debug|Any CPU.Build.0 = Debug|Any CPU
		{61A5394D-422D-41D4-AF89-DD15F4D9B06A}.Release|Any CPU.ActiveCfg = Release|Any CPU
		{61A5394D-422D-41D4-AF89-DD15F4D9B06A}.Release|Any CPU.Build.0 = Release|Any CPU
		{E44F9377-DC7E-4861-A3D1-51D512B25124}.Debug|Any CPU.ActiveCfg = Debug|Any CPU
		{E44F9377-DC7E-4861-A3D1-51D512B25124}.Debug|Any CPU.Build.0 = Debug|Any CPU
		{E44F9377-DC7E-4861-A3D1-51D512B25124}.Release|Any CPU.ActiveCfg = Release|Any CPU
		{E44F9377-DC7E-4861-A3D1-51D512B25124}.Release|Any CPU.Build.0 = Release|Any CPU
		{7CCACCD6-4F90-4772-86A8-BC11BB209E80}.Debug|Any CPU.ActiveCfg = Debug|Any CPU
		{7CCACCD6-4F90-4772-86A8-BC11BB209E80}.Debug|Any CPU.Build.0 = Debug|Any CPU
		{7CCACCD6-4F90-4772-86A8-BC11BB209E80}.Release|Any CPU.ActiveCfg = Release|Any CPU
		{7CCACCD6-4F90-4772-86A8-BC11BB209E80}.Release|Any CPU.Build.0 = Release|Any CPU
		{3F00B30D-B0D7-4BE0-AF6D-9ACFD3845ABF}.Debug|Any CPU.ActiveCfg = Debug|Any CPU
		{3F00B30D-B0D7-4BE0-AF6D-9ACFD3845ABF}.Debug|Any CPU.Build.0 = Debug|Any CPU
		{3F00B30D-B0D7-4BE0-AF6D-9ACFD3845ABF}.Release|Any CPU.ActiveCfg = Release|Any CPU
		{3F00B30D-B0D7-4BE0-AF6D-9ACFD3845ABF}.Release|Any CPU.Build.0 = Release|Any CPU
		{2F14521D-4C29-4E8A-A9F1-B5133968F6CE}.Debug|Any CPU.ActiveCfg = Debug|Any CPU
		{2F14521D-4C29-4E8A-A9F1-B5133968F6CE}.Debug|Any CPU.Build.0 = Debug|Any CPU
		{2F14521D-4C29-4E8A-A9F1-B5133968F6CE}.Release|Any CPU.ActiveCfg = Release|Any CPU
		{2F14521D-4C29-4E8A-A9F1-B5133968F6CE}.Release|Any CPU.Build.0 = Release|Any CPU
	EndGlobalSection
	GlobalSection(SolutionProperties) = preSolution
		HideSolutionNode = FALSE
	EndGlobalSection
	GlobalSection(NestedProjects) = preSolution
		{F847FEE5-8CDA-43C8-AD28-230CB316AF3D} = {BB4B3495-39BE-47A8-B4B4-D9226376E8FE}
		{61A5394D-422D-41D4-AF89-DD15F4D9B06A} = {BB4B3495-39BE-47A8-B4B4-D9226376E8FE}
		{E44F9377-DC7E-4861-A3D1-51D512B25124} = {BB4B3495-39BE-47A8-B4B4-D9226376E8FE}
		{7CCACCD6-4F90-4772-86A8-BC11BB209E80} = {BB4B3495-39BE-47A8-B4B4-D9226376E8FE}
		{3F00B30D-B0D7-4BE0-AF6D-9ACFD3845ABF} = {BB4B3495-39BE-47A8-B4B4-D9226376E8FE}
		{2F14521D-4C29-4E8A-A9F1-B5133968F6CE} = {BB4B3495-39BE-47A8-B4B4-D9226376E8FE}
	EndGlobalSection
	GlobalSection(ExtensibilityGlobals) = postSolution
		SolutionGuid = {D6121F46-6A25-480F-A0DF-65FF626EE7B3}
	EndGlobalSection
EndGlobal
